
Microsoft Visual Studio Solution File, Format Version 12.00
# Visual Studio Version 16
VisualStudioVersion = 16.0.30907.101
MinimumVisualStudioVersion = 10.0.40219.1
Project("{FAE04EC0-301F-11D3-BF4B-00C04F79EFBC}") = "ClassMetotDemo", "ClassMetotDemo\ClassMetotDemo.csproj", "{778A4E2C-3FBE-44FB-8905-60C3F5F999EC}"
EndProject
Global
	GlobalSection(SolutionConfigurationPlatforms) = preSolution
		Debug|Any CPU = Debug|Any CPU
		Release|Any CPU = Release|Any CPU
	EndGlobalSection
	GlobalSection(ProjectConfigurationPlatforms) = postSolution
		{778A4E2C-3FBE-44FB-8905-60C3F5F999EC}.Debug|Any CPU.ActiveCfg = Debug|Any CPU
		{778A4E2C-3FBE-44FB-8905-60C3F5F999EC}.Debug|Any CPU.Build.0 = Debug|Any CPU
		{778A4E2C-3FBE-44FB-8905-60C3F5F999EC}.Release|Any CPU.ActiveCfg = Release|Any CPU
		{778A4E2C-3FBE-44FB-8905-60C3F5F999EC}.Release|Any CPU.Build.0 = Release|Any CPU
	EndGlobalSection
	GlobalSection(SolutionProperties) = preSolution
		HideSolutionNode = FALSE
	EndGlobalSection
	GlobalSection(ExtensibilityGlobals) = postSolution
		SolutionGuid = {24C039AF-202A-4E03-B53C-17228AD3DF83}
	EndGlobalSection
EndGlobal
